
Microsoft Visual Studio Solution File, Format Version 11.00
# Visual Studio 2010
Project("{FAE04EC0-301F-11D3-BF4B-00C04F79EFBC}") = "FixMixedTabs", "FixMixedTabs.csproj", "{0E19E9EA-6AF0-48FF-BAB7-B1EB6754239B}"
EndProject
Global
	GlobalSection(SolutionConfigurationPlatforms) = preSolution
		Debug|Any CPU = Debug|Any CPU
		Release|Any CPU = Release|Any CPU
	EndGlobalSection
	GlobalSection(ProjectConfigurationPlatforms) = postSolution
		{0E19E9EA-6AF0-48FF-BAB7-B1EB6754239B}.Debug|Any CPU.ActiveCfg = Debug|Any CPU
		{0E19E9EA-6AF0-48FF-BAB7-B1EB6754239B}.Debug|Any CPU.Build.0 = Debug|Any CPU
		{0E19E9EA-6AF0-48FF-BAB7-B1EB6754239B}.Release|Any CPU.ActiveCfg = Release|Any CPU
		{0E19E9EA-6AF0-48FF-BAB7-B1EB6754239B}.Release|Any CPU.Build.0 = Release|Any CPU
	EndGlobalSection
	GlobalSection(SolutionProperties) = preSolution
		HideSolutionNode = FALSE
	EndGlobalSection
EndGlobal
